{
  "name": "@better-types",
  "version": "1.0.0",
  "lockfileVersion": 2,
  "requires": true,
  "packages": {
    "": {
      "name": "@better-types",
      "version": "1.0.0",
      "license": "MIT",
      "workspaces": [
        "packages/**/*"
      ],
      "devDependencies": {
        "prettier": "^2.8.4",
        "typescript": "^4.9.5"
      }
    },
    "node_modules/@better-types/lib-esnext": {
      "resolved": "packages/lib-esnext",
      "link": true
    },
    "node_modules/@total-typescript/ts-reset": {
      "version": "0.4.2",
      "license": "MIT"
    },
    "node_modules/prettier": {
      "version": "2.8.4",
      "dev": true,
      "license": "MIT",
      "bin": {
        "prettier": "bin-prettier.js"
      },
      "engines": {
        "node": ">=10.13.0"
      },
      "funding": {
        "url": "https://github.com/prettier/prettier?sponsor=1"
      }
    },
    "node_modules/typescript": {
      "version": "4.9.5",
      "dev": true,
      "license": "Apache-2.0",
      "bin": {
        "tsc": "bin/tsc",
        "tsserver": "bin/tsserver"
      },
      "engines": {
        "node": ">=4.2.0"
      }
    },
    "packages/lib-esnext": {
      "name": "@better-types/lib-esnext",
      "version": "0.0.1",
      "license": "MIT",
      "dependencies": {
        "@total-typescript/ts-reset": "^0.4.2"
      }
    }
  },
  "dependencies": {
    "@better-types/lib-esnext": {
      "version": "file:packages/lib-esnext",
      "requires": {
        "@total-typescript/ts-reset": "^0.4.2"
      }
    },
    "@total-typescript/ts-reset": {
      "version": "0.4.2"
    },
    "prettier": {
      "version": "2.8.4",
      "dev": true
    },
    "typescript": {
      "version": "4.9.5",
      "dev": true
    }
  }
}
